
Microsoft Visual Studio Solution File, Format Version 12.00
# Visual Studio Version 17
VisualStudioVersion = 17.5.33516.290
MinimumVisualStudioVersion = 10.0.40219.1
Project("{FAE04EC0-301F-11D3-BF4B-00C04F79EFBC}") = "Tilfeldige firkanter", "Tilfeldige firkanter\Tilfeldige firkanter.csproj", "{587EB870-6AAB-442A-AA19-DC11A5362BA7}"
EndProject
Global
	GlobalSection(SolutionConfigurationPlatforms) = preSolution
		Debug|Any CPU = Debug|Any CPU
		Release|Any CPU = Release|Any CPU
	EndGlobalSection
	GlobalSection(ProjectConfigurationPlatforms) = postSolution
		{587EB870-6AAB-442A-AA19-DC11A5362BA7}.Debug|Any CPU.ActiveCfg = Debug|Any CPU
		{587EB870-6AAB-442A-AA19-DC11A5362BA7}.Debug|Any CPU.Build.0 = Debug|Any CPU
		{587EB870-6AAB-442A-AA19-DC11A5362BA7}.Release|Any CPU.ActiveCfg = Release|Any CPU
		{587EB870-6AAB-442A-AA19-DC11A5362BA7}.Release|Any CPU.Build.0 = Release|Any CPU
	EndGlobalSection
	GlobalSection(SolutionProperties) = preSolution
		HideSolutionNode = FALSE
	EndGlobalSection
	GlobalSection(ExtensibilityGlobals) = postSolution
		SolutionGuid = {E9EF1C4D-E308-4680-AE20-BEC1A6EF2DCE}
	EndGlobalSection
EndGlobal
